
Microsoft Visual Studio Solution File, Format Version 12.00
# Visual Studio Version 17
VisualStudioVersion = 17.8.34330.188
MinimumVisualStudioVersion = 10.0.40219.1
Project("{9A19103F-16F7-4668-BE54-9A1E7A4F7556}") = "Delegate", "Delegate\Delegate.csproj", "{07678894-8FA7-4EB5-AF6B-4ABD6B20340F}"
EndProject
Project("{9A19103F-16F7-4668-BE54-9A1E7A4F7556}") = "Events", "..\Events\Events.csproj", "{AA0E37A7-9E1F-4974-8CAA-0E7A166F9EFA}"
EndProject
Project("{9A19103F-16F7-4668-BE54-9A1E7A4F7556}") = "Generics", "..\Generics\Generics.csproj", "{C0446B64-B12A-4A0D-B30C-B3E0E0B8B759}"
EndProject
Project("{9A19103F-16F7-4668-BE54-9A1E7A4F7556}") = "AsyncAPI", "AsyncAPI\AsyncAPI.csproj", "{71B9F5EF-EED3-4152-9CA0-15FEF7D50B60}"
EndProject
Project("{FAE04EC0-301F-11D3-BF4B-00C04F79EFBC}") = "AsyncUI", "AsyncUI\AsyncUI.csproj", "{28DC8E81-29D4-42E4-8F4C-1E551D30C940}"
EndProject
Project("{9A19103F-16F7-4668-BE54-9A1E7A4F7556}") = "LINQ", "..\LINQ\LINQ.csproj", "{8383D22C-8C04-40C2-AF95-5062FDC35D54}"
EndProject
Project("{FAE04EC0-301F-11D3-BF4B-00C04F79EFBC}") = "EventDelegate", "..\EventDelegate\EventDelegate.csproj", "{2B1D32C2-6F3C-4878-9975-ED909068ABF3}"
EndProject
Project("{FAE04EC0-301F-11D3-BF4B-00C04F79EFBC}") = "DetailGenerics", "..\DetailGenerics\DetailGenerics.csproj", "{670FDA1A-210A-42D8-80FE-4C2DF811D695}"
EndProject
Global
	GlobalSection(SolutionConfigurationPlatforms) = preSolution
		Debug|Any CPU = Debug|Any CPU
		Debug|ARM = Debug|ARM
		Debug|ARM64 = Debug|ARM64
		Debug|x64 = Debug|x64
		Debug|x86 = Debug|x86
		Release|Any CPU = Release|Any CPU
		Release|ARM = Release|ARM
		Release|ARM64 = Release|ARM64
		Release|x64 = Release|x64
		Release|x86 = Release|x86
	EndGlobalSection
	GlobalSection(ProjectConfigurationPlatforms) = postSolution
		{07678894-8FA7-4EB5-AF6B-4ABD6B20340F}.Debug|Any CPU.ActiveCfg = Debug|Any CPU
		{07678894-8FA7-4EB5-AF6B-4ABD6B20340F}.Debug|Any CPU.Build.0 = Debug|Any CPU
		{07678894-8FA7-4EB5-AF6B-4ABD6B20340F}.Debug|ARM.ActiveCfg = Debug|Any CPU
		{07678894-8FA7-4EB5-AF6B-4ABD6B20340F}.Debug|ARM.Build.0 = Debug|Any CPU
		{07678894-8FA7-4EB5-AF6B-4ABD6B20340F}.Debug|ARM64.ActiveCfg = Debug|Any CPU
		{07678894-8FA7-4EB5-AF6B-4ABD6B20340F}.Debug|ARM64.Build.0 = Debug|Any CPU
		{07678894-8FA7-4EB5-AF6B-4ABD6B20340F}.Debug|x64.ActiveCfg = Debug|Any CPU
		{07678894-8FA7-4EB5-AF6B-4ABD6B20340F}.Debug|x64.Build.0 = Debug|Any CPU
		{07678894-8FA7-4EB5-AF6B-4ABD6B20340F}.Debug|x86.ActiveCfg = Debug|Any CPU
		{07678894-8FA7-4EB5-AF6B-4ABD6B20340F}.Debug|x86.Build.0 = Debug|Any CPU
		{07678894-8FA7-4EB5-AF6B-4ABD6B20340F}.Release|Any CPU.ActiveCfg = Release|Any CPU
		{07678894-8FA7-4EB5-AF6B-4ABD6B20340F}.Release|Any CPU.Build.0 = Release|Any CPU
		{07678894-8FA7-4EB5-AF6B-4ABD6B20340F}.Release|ARM.ActiveCfg = Release|Any CPU
		{07678894-8FA7-4EB5-AF6B-4ABD6B20340F}.Release|ARM.Build.0 = Release|Any CPU
		{07678894-8FA7-4EB5-AF6B-4ABD6B20340F}.Release|ARM64.ActiveCfg = Release|Any CPU
		{07678894-8FA7-4EB5-AF6B-4ABD6B20340F}.Release|ARM64.Build.0 = Release|Any CPU
		{07678894-8FA7-4EB5-AF6B-4ABD6B20340F}.Release|x64.ActiveCfg = Release|Any CPU
		{07678894-8FA7-4EB5-AF6B-4ABD6B20340F}.Release|x64.Build.0 = Release|Any CPU
		{07678894-8FA7-4EB5-AF6B-4ABD6B20340F}.Release|x86.ActiveCfg = Release|Any CPU
		{07678894-8FA7-4EB5-AF6B-4ABD6B20340F}.Release|x86.Build.0 = Release|Any CPU
		{AA0E37A7-9E1F-4974-8CAA-0E7A166F9EFA}.Debug|Any CPU.ActiveCfg = Debug|Any CPU
		{AA0E37A7-9E1F-4974-8CAA-0E7A166F9EFA}.Debug|Any CPU.Build.0 = Debug|Any CPU
		{AA0E37A7-9E1F-4974-8CAA-0E7A166F9EFA}.Debug|ARM.ActiveCfg = Debug|Any CPU
		{AA0E37A7-9E1F-4974-8CAA-0E7A166F9EFA}.Debug|ARM.Build.0 = Debug|Any CPU
		{AA0E37A7-9E1F-4974-8CAA-0E7A166F9EFA}.Debug|ARM64.ActiveCfg = Debug|Any CPU
		{AA0E37A7-9E1F-4974-8CAA-0E7A166F9EFA}.Debug|ARM64.Build.0 = Debug|Any CPU
		{AA0E37A7-9E1F-4974-8CAA-0E7A166F9EFA}.Debug|x64.ActiveCfg = Debug|Any CPU
		{AA0E37A7-9E1F-4974-8CAA-0E7A166F9EFA}.Debug|x64.Build.0 = Debug|Any CPU
		{AA0E37A7-9E1F-4974-8CAA-0E7A166F9EFA}.Debug|x86.ActiveCfg = Debug|Any CPU
		{AA0E37A7-9E1F-4974-8CAA-0E7A166F9EFA}.Debug|x86.Build.0 = Debug|Any CPU
		{AA0E37A7-9E1F-4974-8CAA-0E7A166F9EFA}.Release|Any CPU.ActiveCfg = Release|Any CPU
		{AA0E37A7-9E1F-4974-8CAA-0E7A166F9EFA}.Release|Any CPU.Build.0 = Release|Any CPU
		{AA0E37A7-9E1F-4974-8CAA-0E7A166F9EFA}.Release|ARM.ActiveCfg = Release|Any CPU
		{AA0E37A7-9E1F-4974-8CAA-0E7A166F9EFA}.Release|ARM.Build.0 = Release|Any CPU
		{AA0E37A7-9E1F-4974-8CAA-0E7A166F9EFA}.Release|ARM64.ActiveCfg = Release|Any CPU
		{AA0E37A7-9E1F-4974-8CAA-0E7A166F9EFA}.Release|ARM64.Build.0 = Release|Any CPU
		{AA0E37A7-9E1F-4974-8CAA-0E7A166F9EFA}.Release|x64.ActiveCfg = Release|Any CPU
		{AA0E37A7-9E1F-4974-8CAA-0E7A166F9EFA}.Release|x64.Build.0 = Release|Any CPU
		{AA0E37A7-9E1F-4974-8CAA-0E7A166F9EFA}.Release|x86.ActiveCfg = Release|Any CPU
		{AA0E37A7-9E1F-4974-8CAA-0E7A166F9EFA}.Release|x86.Build.0 = Release|Any CPU
		{C0446B64-B12A-4A0D-B30C-B3E0E0B8B759}.Debug|Any CPU.ActiveCfg = Debug|Any CPU
		{C0446B64-B12A-4A0D-B30C-B3E0E0B8B759}.Debug|Any CPU.Build.0 = Debug|Any CPU
		{C0446B64-B12A-4A0D-B30C-B3E0E0B8B759}.Debug|ARM.ActiveCfg = Debug|Any CPU
		{C0446B64-B12A-4A0D-B30C-B3E0E0B8B759}.Debug|ARM.Build.0 = Debug|Any CPU
		{C0446B64-B12A-4A0D-B30C-B3E0E0B8B759}.Debug|ARM64.ActiveCfg = Debug|Any CPU
		{C0446B64-B12A-4A0D-B30C-B3E0E0B8B759}.Debug|ARM64.Build.0 = Debug|Any CPU
		{C0446B64-B12A-4A0D-B30C-B3E0E0B8B759}.Debug|x64.ActiveCfg = Debug|Any CPU
		{C0446B64-B12A-4A0D-B30C-B3E0E0B8B759}.Debug|x64.Build.0 = Debug|Any CPU
		{C0446B64-B12A-4A0D-B30C-B3E0E0B8B759}.Debug|x86.ActiveCfg = Debug|Any CPU
		{C0446B64-B12A-4A0D-B30C-B3E0E0B8B759}.Debug|x86.Build.0 = Debug|Any CPU
		{C0446B64-B12A-4A0D-B30C-B3E0E0B8B759}.Release|Any CPU.ActiveCfg = Release|Any CPU
		{C0446B64-B12A-4A0D-B30C-B3E0E0B8B759}.Release|Any CPU.Build.0 = Release|Any CPU
		{C0446B64-B12A-4A0D-B30C-B3E0E0B8B759}.Release|ARM.ActiveCfg = Release|Any CPU
		{C0446B64-B12A-4A0D-B30C-B3E0E0B8B759}.Release|ARM.Build.0 = Release|Any CPU
		{C0446B64-B12A-4A0D-B30C-B3E0E0B8B759}.Release|ARM64.ActiveCfg = Release|Any CPU
		{C0446B64-B12A-4A0D-B30C-B3E0E0B8B759}.Release|ARM64.Build.0 = Release|Any CPU
		{C0446B64-B12A-4A0D-B30C-B3E0E0B8B759}.Release|x64.ActiveCfg = Release|Any CPU
		{C0446B64-B12A-4A0D-B30C-B3E0E0B8B759}.Release|x64.Build.0 = Release|Any CPU
		{C0446B64-B12A-4A0D-B30C-B3E0E0B8B759}.Release|x86.ActiveCfg = Release|Any CPU
		{C0446B64-B12A-4A0D-B30C-B3E0E0B8B759}.Release|x86.Build.0 = Release|Any CPU
		{71B9F5EF-EED3-4152-9CA0-15FEF7D50B60}.Debug|Any CPU.ActiveCfg = Debug|Any CPU
		{71B9F5EF-EED3-4152-9CA0-15FEF7D50B60}.Debug|Any CPU.Build.0 = Debug|Any CPU
		{71B9F5EF-EED3-4152-9CA0-15FEF7D50B60}.Debug|ARM.ActiveCfg = Debug|Any CPU
		{71B9F5EF-EED3-4152-9CA0-15FEF7D50B60}.Debug|ARM.Build.0 = Debug|Any CPU
		{71B9F5EF-EED3-4152-9CA0-15FEF7D50B60}.Debug|ARM64.ActiveCfg = Debug|Any CPU
		{71B9F5EF-EED3-4152-9CA0-15FEF7D50B60}.Debug|ARM64.Build.0 = Debug|Any CPU
		{71B9F5EF-EED3-4152-9CA0-15FEF7D50B60}.Debug|x64.ActiveCfg = Debug|Any CPU
		{71B9F5EF-EED3-4152-9CA0-15FEF7D50B60}.Debug|x64.Build.0 = Debug|Any CPU
		{71B9F5EF-EED3-4152-9CA0-15FEF7D50B60}.Debug|x86.ActiveCfg = Debug|Any CPU
		{71B9F5EF-EED3-4152-9CA0-15FEF7D50B60}.Debug|x86.Build.0 = Debug|Any CPU
		{71B9F5EF-EED3-4152-9CA0-15FEF7D50B60}.Release|Any CPU.ActiveCfg = Release|Any CPU
		{71B9F5EF-EED3-4152-9CA0-15FEF7D50B60}.Release|Any CPU.Build.0 = Release|Any CPU
		{71B9F5EF-EED3-4152-9CA0-15FEF7D50B60}.Release|ARM.ActiveCfg = Release|Any CPU
		{71B9F5EF-EED3-4152-9CA0-15FEF7D50B60}.Release|ARM.Build.0 = Release|Any CPU
		{71B9F5EF-EED3-4152-9CA0-15FEF7D50B60}.Release|ARM64.ActiveCfg = Release|Any CPU
		{71B9F5EF-EED3-4152-9CA0-15FEF7D50B60}.Release|ARM64.Build.0 = Release|Any CPU
		{71B9F5EF-EED3-4152-9CA0-15FEF7D50B60}.Release|x64.ActiveCfg = Release|Any CPU
		{71B9F5EF-EED3-4152-9CA0-15FEF7D50B60}.Release|x64.Build.0 = Release|Any CPU
		{71B9F5EF-EED3-4152-9CA0-15FEF7D50B60}.Release|x86.ActiveCfg = Release|Any CPU
		{71B9F5EF-EED3-4152-9CA0-15FEF7D50B60}.Release|x86.Build.0 = Release|Any CPU
		{28DC8E81-29D4-42E4-8F4C-1E551D30C940}.Debug|Any CPU.ActiveCfg = Debug|x64
		{28DC8E81-29D4-42E4-8F4C-1E551D30C940}.Debug|Any CPU.Build.0 = Debug|x64
		{28DC8E81-29D4-42E4-8F4C-1E551D30C940}.Debug|Any CPU.Deploy.0 = Debug|x64
		{28DC8E81-29D4-42E4-8F4C-1E551D30C940}.Debug|ARM.ActiveCfg = Debug|ARM
		{28DC8E81-29D4-42E4-8F4C-1E551D30C940}.Debug|ARM.Build.0 = Debug|ARM
		{28DC8E81-29D4-42E4-8F4C-1E551D30C940}.Debug|ARM.Deploy.0 = Debug|ARM
		{28DC8E81-29D4-42E4-8F4C-1E551D30C940}.Debug|ARM64.ActiveCfg = Debug|ARM64
		{28DC8E81-29D4-42E4-8F4C-1E551D30C940}.Debug|ARM64.Build.0 = Debug|ARM64
		{28DC8E81-29D4-42E4-8F4C-1E551D30C940}.Debug|ARM64.Deploy.0 = Debug|ARM64
		{28DC8E81-29D4-42E4-8F4C-1E551D30C940}.Debug|x64.ActiveCfg = Debug|x64
		{28DC8E81-29D4-42E4-8F4C-1E551D30C940}.Debug|x64.Build.0 = Debug|x64
		{28DC8E81-29D4-42E4-8F4C-1E551D30C940}.Debug|x64.Deploy.0 = Debug|x64
		{28DC8E81-29D4-42E4-8F4C-1E551D30C940}.Debug|x86.ActiveCfg = Debug|x86
		{28DC8E81-29D4-42E4-8F4C-1E551D30C940}.Debug|x86.Build.0 = Debug|x86
		{28DC8E81-29D4-42E4-8F4C-1E551D30C940}.Debug|x86.Deploy.0 = Debug|x86
		{28DC8E81-29D4-42E4-8F4C-1E551D30C940}.Release|Any CPU.ActiveCfg = Release|x64
		{28DC8E81-29D4-42E4-8F4C-1E551D30C940}.Release|Any CPU.Build.0 = Release|x64
		{28DC8E81-29D4-42E4-8F4C-1E551D30C940}.Release|Any CPU.Deploy.0 = Release|x64
		{28DC8E81-29D4-42E4-8F4C-1E551D30C940}.Release|ARM.ActiveCfg = Release|ARM
		{28DC8E81-29D4-42E4-8F4C-1E551D30C940}.Release|ARM.Build.0 = Release|ARM
		{28DC8E81-29D4-42E4-8F4C-1E551D30C940}.Release|ARM.Deploy.0 = Release|ARM
		{28DC8E81-29D4-42E4-8F4C-1E551D30C940}.Release|ARM64.ActiveCfg = Release|ARM64
		{28DC8E81-29D4-42E4-8F4C-1E551D30C940}.Release|ARM64.Build.0 = Release|ARM64
		{28DC8E81-29D4-42E4-8F4C-1E551D30C940}.Release|ARM64.Deploy.0 = Release|ARM64
		{28DC8E81-29D4-42E4-8F4C-1E551D30C940}.Release|x64.ActiveCfg = Release|x64
		{28DC8E81-29D4-42E4-8F4C-1E551D30C940}.Release|x64.Build.0 = Release|x64
		{28DC8E81-29D4-42E4-8F4C-1E551D30C940}.Release|x64.Deploy.0 = Release|x64
		{28DC8E81-29D4-42E4-8F4C-1E551D30C940}.Release|x86.ActiveCfg = Release|x86
		{28DC8E81-29D4-42E4-8F4C-1E551D30C940}.Release|x86.Build.0 = Release|x86
		{28DC8E81-29D4-42E4-8F4C-1E551D30C940}.Release|x86.Deploy.0 = Release|x86
		{8383D22C-8C04-40C2-AF95-5062FDC35D54}.Debug|Any CPU.ActiveCfg = Debug|Any CPU
		{8383D22C-8C04-40C2-AF95-5062FDC35D54}.Debug|Any CPU.Build.0 = Debug|Any CPU
		{8383D22C-8C04-40C2-AF95-5062FDC35D54}.Debug|ARM.ActiveCfg = Debug|Any CPU
		{8383D22C-8C04-40C2-AF95-5062FDC35D54}.Debug|ARM.Build.0 = Debug|Any CPU
		{8383D22C-8C04-40C2-AF95-5062FDC35D54}.Debug|ARM64.ActiveCfg = Debug|Any CPU
		{8383D22C-8C04-40C2-AF95-5062FDC35D54}.Debug|ARM64.Build.0 = Debug|Any CPU
		{8383D22C-8C04-40C2-AF95-5062FDC35D54}.Debug|x64.ActiveCfg = Debug|Any CPU
		{8383D22C-8C04-40C2-AF95-5062FDC35D54}.Debug|x64.Build.0 = Debug|Any CPU
		{8383D22C-8C04-40C2-AF95-5062FDC35D54}.Debug|x86.ActiveCfg = Debug|Any CPU
		{8383D22C-8C04-40C2-AF95-5062FDC35D54}.Debug|x86.Build.0 = Debug|Any CPU
		{8383D22C-8C04-40C2-AF95-5062FDC35D54}.Release|Any CPU.ActiveCfg = Release|Any CPU
		{8383D22C-8C04-40C2-AF95-5062FDC35D54}.Release|Any CPU.Build.0 = Release|Any CPU
		{8383D22C-8C04-40C2-AF95-5062FDC35D54}.Release|ARM.ActiveCfg = Release|Any CPU
		{8383D22C-8C04-40C2-AF95-5062FDC35D54}.Release|ARM.Build.0 = Release|Any CPU
		{8383D22C-8C04-40C2-AF95-5062FDC35D54}.Release|ARM64.ActiveCfg = Release|Any CPU
		{8383D22C-8C04-40C2-AF95-5062FDC35D54}.Release|ARM64.Build.0 = Release|Any CPU
		{8383D22C-8C04-40C2-AF95-5062FDC35D54}.Release|x64.ActiveCfg = Release|Any CPU
		{8383D22C-8C04-40C2-AF95-5062FDC35D54}.Release|x64.Build.0 = Release|Any CPU
		{8383D22C-8C04-40C2-AF95-5062FDC35D54}.Release|x86.ActiveCfg = Release|Any CPU
		{8383D22C-8C04-40C2-AF95-5062FDC35D54}.Release|x86.Build.0 = Release|Any CPU
		{2B1D32C2-6F3C-4878-9975-ED909068ABF3}.Debug|Any CPU.ActiveCfg = Debug|Any CPU
		{2B1D32C2-6F3C-4878-9975-ED909068ABF3}.Debug|Any CPU.Build.0 = Debug|Any CPU
		{2B1D32C2-6F3C-4878-9975-ED909068ABF3}.Debug|ARM.ActiveCfg = Debug|Any CPU
		{2B1D32C2-6F3C-4878-9975-ED909068ABF3}.Debug|ARM.Build.0 = Debug|Any CPU
		{2B1D32C2-6F3C-4878-9975-ED909068ABF3}.Debug|ARM64.ActiveCfg = Debug|Any CPU
		{2B1D32C2-6F3C-4878-9975-ED909068ABF3}.Debug|ARM64.Build.0 = Debug|Any CPU
		{2B1D32C2-6F3C-4878-9975-ED909068ABF3}.Debug|x64.ActiveCfg = Debug|Any CPU
		{2B1D32C2-6F3C-4878-9975-ED909068ABF3}.Debug|x64.Build.0 = Debug|Any CPU
		{2B1D32C2-6F3C-4878-9975-ED909068ABF3}.Debug|x86.ActiveCfg = Debug|Any CPU
		{2B1D32C2-6F3C-4878-9975-ED909068ABF3}.Debug|x86.Build.0 = Debug|Any CPU
		{2B1D32C2-6F3C-4878-9975-ED909068ABF3}.Release|Any CPU.ActiveCfg = Release|Any CPU
		{2B1D32C2-6F3C-4878-9975-ED909068ABF3}.Release|Any CPU.Build.0 = Release|Any CPU
		{2B1D32C2-6F3C-4878-9975-ED909068ABF3}.Release|ARM.ActiveCfg = Release|Any CPU
		{2B1D32C2-6F3C-4878-9975-ED909068ABF3}.Release|ARM.Build.0 = Release|Any CPU
		{2B1D32C2-6F3C-4878-9975-ED909068ABF3}.Release|ARM64.ActiveCfg = Release|Any CPU
		{2B1D32C2-6F3C-4878-9975-ED909068ABF3}.Release|ARM64.Build.0 = Release|Any CPU
		{2B1D32C2-6F3C-4878-9975-ED909068ABF3}.Release|x64.ActiveCfg = Release|Any CPU
		{2B1D32C2-6F3C-4878-9975-ED909068ABF3}.Release|x64.Build.0 = Release|Any CPU
		{2B1D32C2-6F3C-4878-9975-ED909068ABF3}.Release|x86.ActiveCfg = Release|Any CPU
		{2B1D32C2-6F3C-4878-9975-ED909068ABF3}.Release|x86.Build.0 = Release|Any CPU
		{670FDA1A-210A-42D8-80FE-4C2DF811D695}.Debug|Any CPU.ActiveCfg = Debug|Any CPU
		{670FDA1A-210A-42D8-80FE-4C2DF811D695}.Debug|Any CPU.Build.0 = Debug|Any CPU
		{670FDA1A-210A-42D8-80FE-4C2DF811D695}.Debug|ARM.ActiveCfg = Debug|Any CPU
		{670FDA1A-210A-42D8-80FE-4C2DF811D695}.Debug|ARM.Build.0 = Debug|Any CPU
		{670FDA1A-210A-42D8-80FE-4C2DF811D695}.Debug|ARM64.ActiveCfg = Debug|Any CPU
		{670FDA1A-210A-42D8-80FE-4C2DF811D695}.Debug|ARM64.Build.0 = Debug|Any CPU
		{670FDA1A-210A-42D8-80FE-4C2DF811D695}.Debug|x64.ActiveCfg = Debug|Any CPU
		{670FDA1A-210A-42D8-80FE-4C2DF811D695}.Debug|x64.Build.0 = Debug|Any CPU
		{670FDA1A-210A-42D8-80FE-4C2DF811D695}.Debug|x86.ActiveCfg = Debug|Any CPU
		{670FDA1A-210A-42D8-80FE-4C2DF811D695}.Debug|x86.Build.0 = Debug|Any CPU
		{670FDA1A-210A-42D8-80FE-4C2DF811D695}.Release|Any CPU.ActiveCfg = Release|Any CPU
		{670FDA1A-210A-42D8-80FE-4C2DF811D695}.Release|Any CPU.Build.0 = Release|Any CPU
		{670FDA1A-210A-42D8-80FE-4C2DF811D695}.Release|ARM.ActiveCfg = Release|Any CPU
		{670FDA1A-210A-42D8-80FE-4C2DF811D695}.Release|ARM.Build.0 = Release|Any CPU
		{670FDA1A-210A-42D8-80FE-4C2DF811D695}.Release|ARM64.ActiveCfg = Release|Any CPU
		{670FDA1A-210A-42D8-80FE-4C2DF811D695}.Release|ARM64.Build.0 = Release|Any CPU
		{670FDA1A-210A-42D8-80FE-4C2DF811D695}.Release|x64.ActiveCfg = Release|Any CPU
		{670FDA1A-210A-42D8-80FE-4C2DF811D695}.Release|x64.Build.0 = Release|Any CPU
		{670FDA1A-210A-42D8-80FE-4C2DF811D695}.Release|x86.ActiveCfg = Release|Any CPU
		{670FDA1A-210A-42D8-80FE-4C2DF811D695}.Release|x86.Build.0 = Release|Any CPU
	EndGlobalSection
	GlobalSection(SolutionProperties) = preSolution
		HideSolutionNode = FALSE
	EndGlobalSection
	GlobalSection(ExtensibilityGlobals) = postSolution
		SolutionGuid = {5F3ABF28-06CA-4E3A-9A7C-8FF804736DDA}
	EndGlobalSection
EndGlobal
